
Microsoft Visual Studio Solution File, Format Version 12.00
# Visual Studio 15
VisualStudioVersion = 15.0.27130.2036
MinimumVisualStudioVersion = 10.0.40219.1
Project("{FAE04EC0-301F-11D3-BF4B-00C04F79EFBC}") = "HJSIR647", "HJSIR647\HJSIR647.csproj", "{DC2C7BEE-2F16-4044-9643-4A3FF43E556E}"
EndProject
Global
	GlobalSection(SolutionConfigurationPlatforms) = preSolution
		Debug|Any CPU = Debug|Any CPU
		Release|Any CPU = Release|Any CPU
	EndGlobalSection
	GlobalSection(ProjectConfigurationPlatforms) = postSolution
		{DC2C7BEE-2F16-4044-9643-4A3FF43E556E}.Debug|Any CPU.ActiveCfg = Debug|Any CPU
		{DC2C7BEE-2F16-4044-9643-4A3FF43E556E}.Debug|Any CPU.Build.0 = Debug|Any CPU
		{DC2C7BEE-2F16-4044-9643-4A3FF43E556E}.Release|Any CPU.ActiveCfg = Release|Any CPU
		{DC2C7BEE-2F16-4044-9643-4A3FF43E556E}.Release|Any CPU.Build.0 = Release|Any CPU
	EndGlobalSection
	GlobalSection(SolutionProperties) = preSolution
		HideSolutionNode = FALSE
	EndGlobalSection
	GlobalSection(ExtensibilityGlobals) = postSolution
		SolutionGuid = {289166C4-5F70-49AA-8912-87ED238D6A6D}
	EndGlobalSection
EndGlobal
